
Microsoft Visual Studio Solution File, Format Version 12.00
# Visual Studio 15
VisualStudioVersion = 15.0.27703.2000
MinimumVisualStudioVersion = 10.0.40219.1
Project("{FAE04EC0-301F-11D3-BF4B-00C04F79EFBC}") = "rhythm_runner", "rhythm_runner\rhythm_runner.csproj", "{0979601E-0278-4E7F-8DD1-0D4DC0715E3B}"
EndProject
Global
	GlobalSection(SolutionConfigurationPlatforms) = preSolution
		Debug|Any CPU = Debug|Any CPU
		Release|Any CPU = Release|Any CPU
	EndGlobalSection
	GlobalSection(ProjectConfigurationPlatforms) = postSolution
		{0979601E-0278-4E7F-8DD1-0D4DC0715E3B}.Debug|Any CPU.ActiveCfg = Debug|Any CPU
		{0979601E-0278-4E7F-8DD1-0D4DC0715E3B}.Debug|Any CPU.Build.0 = Debug|Any CPU
		{0979601E-0278-4E7F-8DD1-0D4DC0715E3B}.Release|Any CPU.ActiveCfg = Release|Any CPU
		{0979601E-0278-4E7F-8DD1-0D4DC0715E3B}.Release|Any CPU.Build.0 = Release|Any CPU
	EndGlobalSection
	GlobalSection(SolutionProperties) = preSolution
		HideSolutionNode = FALSE
	EndGlobalSection
	GlobalSection(ExtensibilityGlobals) = postSolution
		SolutionGuid = {66B9428F-8241-4E1B-B6DB-E7B36F9B0EAC}
	EndGlobalSection
EndGlobal
